// !$*UTF8*$!
{
	archiveVersion = 1;
	classes = {
	};
	objectVersion = 46;
	objects = {

/* Begin PBXBuildFile section */
		4E689247181A60F400E31442 /* Foundation.framework in Frameworks */ = {isa = PBXBuildFile; fileRef = 4E689246181A60F400E31442 /* Foundation.framework */; };
		4E689249181A60F400E31442 /* CoreGraphics.framework in Frameworks */ = {isa = PBXBuildFile; fileRef = 4E689248181A60F400E31442 /* CoreGraphics.framework */; };
		4E68924B181A60F400E31442 /* UIKit.framework in Frameworks */ = {isa = PBXBuildFile; fileRef = 4E68924A181A60F400E31442 /* UIKit.framework */; };
		4E689253181A60F400E31442 /* main.m in Sources */ = {isa = PBXBuildFile; fileRef = 4E689252181A60F400E31442 /* main.m */; };
		4E689257181A60F400E31442 /* AppDelegate.m in Sources */ = {isa = PBXBuildFile; fileRef = 4E689256181A60F400E31442 /* AppDelegate.m */; };
		4E689260181A60F400E31442 /* XCTest.framework in Frameworks */ = {isa = PBXBuildFile; fileRef = 4E68925F181A60F400E31442 /* XCTest.framework */; };
		4E689261181A60F400E31442 /* Foundation.framework in Frameworks */ = {isa = PBXBuildFile; fileRef = 4E689246181A60F400E31442 /* Foundation.framework */; };
		4E689262181A60F400E31442 /* UIKit.framework in Frameworks */ = {isa = PBXBuildFile; fileRef = 4E68924A181A60F400E31442 /* UIKit.framework */; };
		4E68926C181A60F400E31442 /* DemoIsFullMethodTests.m in Sources */ = {isa = PBXBuildFile; fileRef = 4E68926B181A60F400E31442 /* DemoIsFullMethodTests.m */; };
		90BFED98F99686FF4B8CC299 /* Pods_DemoTests.framework in Frameworks */ = {isa = PBXBuildFile; fileRef = 2F458B3BC8A5C8A02B4EA23D /* Pods_DemoTests.framework */; };
		E5E6128D7D8DD5E74530AB07 /* Pods_Demo.framework in Frameworks */ = {isa = PBXBuildFile; fileRef = 097AEE6F798F70E9627D1223 /* Pods_Demo.framework */; };
/* End PBXBuildFile section */

/* Begin PBXContainerItemProxy section */
		4E689263181A60F400E31442 /* PBXContainerItemProxy */ = {
			isa = PBXContainerItemProxy;
			containerPortal = 4E68923B181A60F400E31442 /* Project object */;
			proxyType = 1;
			remoteGlobalIDString = 4E689242181A60F400E31442;
			remoteInfo = Demo;
		};
/* End PBXContainerItemProxy section */

/* Begin PBXFileReference section */
		097AEE6F798F70E9627D1223 /* Pods_Demo.framework */ = {isa = PBXFileReference; explicitFileType = wrapper.framework; includeInIndex = 0; path = Pods_Demo.framework; sourceTree = BUILT_PRODUCTS_DIR; };
		2F458B3BC8A5C8A02B4EA23D /* Pods_DemoTests.framework */ = {isa = PBXFileReference; explicitFileType = wrapper.framework; includeInIndex = 0; path = Pods_DemoTests.framework; sourceTree = BUILT_PRODUCTS_DIR; };
		4E689243181A60F400E31442 /* Demo.app */ = {isa = PBXFileReference; explicitFileType = wrapper.application; includeInIndex = 0; path = Demo.app; sourceTree = BUILT_PRODUCTS_DIR; };
		4E689246181A60F400E31442 /* Foundation.framework */ = {isa = PBXFileReference; lastKnownFileType = wrapper.framework; name = Foundation.framework; path = System/Library/Frameworks/Foundation.framework; sourceTree = SDKROOT; };
		4E689248181A60F400E31442 /* CoreGraphics.framework */ = {isa = PBXFileReference; lastKnownFileType = wrapper.framework; name = CoreGraphics.framework; path = System/Library/Frameworks/CoreGraphics.framework; sourceTree = SDKROOT; };
		4E68924A181A60F400E31442 /* UIKit.framework */ = {isa = PBXFileReference; lastKnownFileType = wrapper.framework; name = UIKit.framework; path = System/Library/Frameworks/UIKit.framework; sourceTree = SDKROOT; };
		4E68924E181A60F400E31442 /* Demo-Info.plist */ = {isa = PBXFileReference; lastKnownFileType = text.plist.xml; path = "Demo-Info.plist"; sourceTree = "<group>"; };
		4E689252181A60F400E31442 /* main.m */ = {isa = PBXFileReference; lastKnownFileType = sourcecode.c.objc; path = main.m; sourceTree = "<group>"; };
		4E689254181A60F400E31442 /* Demo-Prefix.pch */ = {isa = PBXFileReference; lastKnownFileType = sourcecode.c.h; path = "Demo-Prefix.pch"; sourceTree = "<group>"; };
		4E689255181A60F400E31442 /* AppDelegate.h */ = {isa = PBXFileReference; lastKnownFileType = sourcecode.c.h; path = AppDelegate.h; sourceTree = "<group>"; };
		4E689256181A60F400E31442 /* AppDelegate.m */ = {isa = PBXFileReference; lastKnownFileType = sourcecode.c.objc; path = AppDelegate.m; sourceTree = "<group>"; };
		4E68925E181A60F400E31442 /* DemoTests.xctest */ = {isa = PBXFileReference; explicitFileType = wrapper.cfbundle; includeInIndex = 0; path = DemoTests.xctest; sourceTree = BUILT_PRODUCTS_DIR; };
		4E68925F181A60F400E31442 /* XCTest.framework */ = {isa = PBXFileReference; lastKnownFileType = wrapper.framework; name = XCTest.framework; path = Library/Frameworks/XCTest.framework; sourceTree = DEVELOPER_DIR; };
		4E689267181A60F400E31442 /* DemoTests-Info.plist */ = {isa = PBXFileReference; lastKnownFileType = text.plist.xml; path = "DemoTests-Info.plist"; sourceTree = "<group>"; };
		4E68926B181A60F400E31442 /* DemoIsFullMethodTests.m */ = {isa = PBXFileReference; lastKnownFileType = sourcecode.c.objc; path = DemoIsFullMethodTests.m; sourceTree = "<group>"; };
		61503CD72C072DE700E75E70 /* Demo.entitlements */ = {isa = PBXFileReference; lastKnownFileType = text.plist.entitlements; path = Demo.entitlements; sourceTree = "<group>"; };
		8D07216686BFE25702C75288 /* Pods-DemoTests.debug.xcconfig */ = {isa = PBXFileReference; includeInIndex = 1; lastKnownFileType = text.xcconfig; name = "Pods-DemoTests.debug.xcconfig"; path = "Target Support Files/Pods-DemoTests/Pods-DemoTests.debug.xcconfig"; sourceTree = "<group>"; };
		A4FFE8D20804036285BF651C /* Pods-DemoTests.release.xcconfig */ = {isa = PBXFileReference; includeInIndex = 1; lastKnownFileType = text.xcconfig; name = "Pods-DemoTests.release.xcconfig"; path = "Target Support Files/Pods-DemoTests/Pods-DemoTests.release.xcconfig"; sourceTree = "<group>"; };
		BB17C824B293183B5F7EAE53 /* Pods-Demo.debug.xcconfig */ = {isa = PBXFileReference; includeInIndex = 1; lastKnownFileType = text.xcconfig; name = "Pods-Demo.debug.xcconfig"; path = "Target Support Files/Pods-Demo/Pods-Demo.debug.xcconfig"; sourceTree = "<group>"; };
		F1163AD1EA2820D415B2A6E6 /* Pods-Demo.release.xcconfig */ = {isa = PBXFileReference; includeInIndex = 1; lastKnownFileType = text.xcconfig; name = "Pods-Demo.release.xcconfig"; path = "Target Support Files/Pods-Demo/Pods-Demo.release.xcconfig"; sourceTree = "<group>"; };
/* End PBXFileReference section */

/* Begin PBXFrameworksBuildPhase section */
		4E689240181A60F400E31442 /* Frameworks */ = {
			isa = PBXFrameworksBuildPhase;
			buildActionMask = 2147483647;
			files = (
				4E689249181A60F400E31442 /* CoreGraphics.framework in Frameworks */,
				4E68924B181A60F400E31442 /* UIKit.framework in Frameworks */,
				4E689247181A60F400E31442 /* Foundation.framework in Frameworks */,
				E5E6128D7D8DD5E74530AB07 /* Pods_Demo.framework in Frameworks */,
			);
			runOnlyForDeploymentPostprocessing = 0;
		};
		4E68925B181A60F400E31442 /* Frameworks */ = {
			isa = PBXFrameworksBuildPhase;
			buildActionMask = 2147483647;
			files = (
				4E689260181A60F400E31442 /* XCTest.framework in Frameworks */,
				4E689262181A60F400E31442 /* UIKit.framework in Frameworks */,
				4E689261181A60F400E31442 /* Foundation.framework in Frameworks */,
				90BFED98F99686FF4B8CC299 /* Pods_DemoTests.framework in Frameworks */,
			);
			runOnlyForDeploymentPostprocessing = 0;
		};
/* End PBXFrameworksBuildPhase section */

/* Begin PBXGroup section */
		28B3511DFE84221B356DF702 /* Pods */ = {
			isa = PBXGroup;
			children = (
				BB17C824B293183B5F7EAE53 /* Pods-Demo.debug.xcconfig */,
				F1163AD1EA2820D415B2A6E6 /* Pods-Demo.release.xcconfig */,
				8D07216686BFE25702C75288 /* Pods-DemoTests.debug.xcconfig */,
				A4FFE8D20804036285BF651C /* Pods-DemoTests.release.xcconfig */,
			);
			path = Pods;
			sourceTree = "<group>";
		};
		4E68923A181A60F400E31442 = {
			isa = PBXGroup;
			children = (
				4E68924C181A60F400E31442 /* Demo */,
				4E689265181A60F400E31442 /* DemoTests */,
				4E689245181A60F400E31442 /* Frameworks */,
				4E689244181A60F400E31442 /* Products */,
				28B3511DFE84221B356DF702 /* Pods */,
			);
			sourceTree = "<group>";
		};
		4E689244181A60F400E31442 /* Products */ = {
			isa = PBXGroup;
			children = (
				4E689243181A60F400E31442 /* Demo.app */,
				4E68925E181A60F400E31442 /* DemoTests.xctest */,
			);
			name = Products;
			sourceTree = "<group>";
		};
		4E689245181A60F400E31442 /* Frameworks */ = {
			isa = PBXGroup;
			children = (
				4E689246181A60F400E31442 /* Foundation.framework */,
				4E689248181A60F400E31442 /* CoreGraphics.framework */,
				4E68924A181A60F400E31442 /* UIKit.framework */,
				4E68925F181A60F400E31442 /* XCTest.framework */,
				097AEE6F798F70E9627D1223 /* Pods_Demo.framework */,
				2F458B3BC8A5C8A02B4EA23D /* Pods_DemoTests.framework */,
			);
			name = Frameworks;
			sourceTree = "<group>";
		};
		4E68924C181A60F400E31442 /* Demo */ = {
			isa = PBXGroup;
			children = (
				61503CD72C072DE700E75E70 /* Demo.entitlements */,
				4E689255181A60F400E31442 /* AppDelegate.h */,
				4E689256181A60F400E31442 /* AppDelegate.m */,
				4E68924D181A60F400E31442 /* Supporting Files */,
			);
			path = Demo;
			sourceTree = "<group>";
		};
		4E68924D181A60F400E31442 /* Supporting Files */ = {
			isa = PBXGroup;
			children = (
				4E68924E181A60F400E31442 /* Demo-Info.plist */,
				4E689252181A60F400E31442 /* main.m */,
				4E689254181A60F400E31442 /* Demo-Prefix.pch */,
			);
			name = "Supporting Files";
			sourceTree = "<group>";
		};
		4E689265181A60F400E31442 /* DemoTests */ = {
			isa = PBXGroup;
			children = (
				4E68926B181A60F400E31442 /* DemoIsFullMethodTests.m */,
				4E689266181A60F400E31442 /* Supporting Files */,
			);
			path = DemoTests;
			sourceTree = "<group>";
		};
		4E689266181A60F400E31442 /* Supporting Files */ = {
			isa = PBXGroup;
			children = (
				4E689267181A60F400E31442 /* DemoTests-Info.plist */,
			);
			name = "Supporting Files";
			sourceTree = "<group>";
		};
/* End PBXGroup section */

/* Begin PBXNativeTarget section */
		4E689242181A60F400E31442 /* Demo */ = {
			isa = PBXNativeTarget;
			buildConfigurationList = 4E68926F181A60F400E31442 /* Build configuration list for PBXNativeTarget "Demo" */;
			buildPhases = (
				34013CE13A9F341D13D759FD /* [CP] Check Pods Manifest.lock */,
				4E68923F181A60F400E31442 /* Sources */,
				4E689240181A60F400E31442 /* Frameworks */,
				4E689241181A60F400E31442 /* Resources */,
				60A123EBA47833FD9E07397C /* [CP] Embed Pods Frameworks */,
			);
			buildRules = (
			);
			dependencies = (
			);
			name = Demo;
			productName = Demo;
			productReference = 4E689243181A60F400E31442 /* Demo.app */;
			productType = "com.apple.product-type.application";
		};
		4E68925D181A60F400E31442 /* DemoTests */ = {
			isa = PBXNativeTarget;
			buildConfigurationList = 4E689272181A60F400E31442 /* Build configuration list for PBXNativeTarget "DemoTests" */;
			buildPhases = (
				E78F4C014A5A5DFE134B468A /* [CP] Check Pods Manifest.lock */,
				4E68925A181A60F400E31442 /* Sources */,
				4E68925B181A60F400E31442 /* Frameworks */,
				4E68925C181A60F400E31442 /* Resources */,
				987B88B35E94632BB64F12F0 /* [CP] Embed Pods Frameworks */,
			);
			buildRules = (
			);
			dependencies = (
				4E689264181A60F400E31442 /* PBXTargetDependency */,
			);
			name = DemoTests;
			productName = DemoTests;
			productReference = 4E68925E181A60F400E31442 /* DemoTests.xctest */;
			productType = "com.apple.product-type.bundle.unit-test";
		};
/* End PBXNativeTarget section */

/* Begin PBXProject section */
		4E68923B181A60F400E31442 /* Project object */ = {
			isa = PBXProject;
			attributes = {
				LastUpgradeCheck = 0510;
				ORGANIZATIONNAME = alkozin;
				TargetAttributes = {
					4E689242181A60F400E31442 = {
						DevelopmentTeam = LZSP4Z4B6A;
					};
					4E68925D181A60F400E31442 = {
						DevelopmentTeam = LZSP4Z4B6A;
						TestTargetID = 4E689242181A60F400E31442;
					};
				};
			};
			buildConfigurationList = 4E68923E181A60F400E31442 /* Build configuration list for PBXProject "Demo" */;
			compatibilityVersion = "Xcode 3.2";
			developmentRegion = English;
			hasScannedForEncodings = 0;
			knownRegions = (
				English,
				en,
			);
			mainGroup = 4E68923A181A60F400E31442;
			productRefGroup = 4E689244181A60F400E31442 /* Products */;
			projectDirPath = "";
			projectRoot = "";
			targets = (
				4E689242181A60F400E31442 /* Demo */,
				4E68925D181A60F400E31442 /* DemoTests */,
			);
		};
/* End PBXProject section */

/* Begin PBXResourcesBuildPhase section */
		4E689241181A60F400E31442 /* Resources */ = {
			isa = PBXResourcesBuildPhase;
			buildActionMask = 2147483647;
			files = (
			);
			runOnlyForDeploymentPostprocessing = 0;
		};
		4E68925C181A60F400E31442 /* Resources */ = {
			isa = PBXResourcesBuildPhase;
			buildActionMask = 2147483647;
			files = (
			);
			runOnlyForDeploymentPostprocessing = 0;
		};
/* End PBXResourcesBuildPhase section */

/* Begin PBXShellScriptBuildPhase section */
		34013CE13A9F341D13D759FD /* [CP] Check Pods Manifest.lock */ = {
			isa = PBXShellScriptBuildPhase;
			buildActionMask = 2147483647;
			files = (
			);
			inputFileListPaths = (
			);
			inputPaths = (
				"${PODS_PODFILE_DIR_PATH}/Podfile.lock",
				"${PODS_ROOT}/Manifest.lock",
			);
			name = "[CP] Check Pods Manifest.lock";
			outputFileListPaths = (
			);
			outputPaths = (
				"$(DERIVED_FILE_DIR)/Pods-Demo-checkManifestLockResult.txt",
			);
			runOnlyForDeploymentPostprocessing = 0;
			shellPath = /bin/sh;
			shellScript = "diff \"${PODS_PODFILE_DIR_PATH}/Podfile.lock\" \"${PODS_ROOT}/Manifest.lock\" > /dev/null\nif [ $? != 0 ] ; then\n    # print error to STDERR\n    echo \"error: The sandbox is not in sync with the Podfile.lock. Run 'pod install' or update your CocoaPods installation.\" >&2\n    exit 1\nfi\n# This output is used by Xcode 'outputs' to avoid re-running this script phase.\necho \"SUCCESS\" > \"${SCRIPT_OUTPUT_FILE_0}\"\n";
			showEnvVarsInLog = 0;
		};
		60A123EBA47833FD9E07397C /* [CP] Embed Pods Frameworks */ = {
			isa = PBXShellScriptBuildPhase;
			buildActionMask = 2147483647;
			files = (
			);
			inputPaths = (
				"${PODS_ROOT}/Target Support Files/Pods-Demo/Pods-Demo-frameworks.sh",
				"${BUILT_PRODUCTS_DIR}/isFull/isFull.framework",
			);
			name = "[CP] Embed Pods Frameworks";
			outputPaths = (
				"${TARGET_BUILD_DIR}/${FRAMEWORKS_FOLDER_PATH}/isFull.framework",
			);
			runOnlyForDeploymentPostprocessing = 0;
			shellPath = /bin/sh;
			shellScript = "\"${PODS_ROOT}/Target Support Files/Pods-Demo/Pods-Demo-frameworks.sh\"\n";
			showEnvVarsInLog = 0;
		};
		987B88B35E94632BB64F12F0 /* [CP] Embed Pods Frameworks */ = {
			isa = PBXShellScriptBuildPhase;
			buildActionMask = 2147483647;
			files = (
			);
			inputPaths = (
				"${PODS_ROOT}/Target Support Files/Pods-DemoTests/Pods-DemoTests-frameworks.sh",
				"${BUILT_PRODUCTS_DIR}/isFull/isFull.framework",
			);
			name = "[CP] Embed Pods Frameworks";
			outputPaths = (
				"${TARGET_BUILD_DIR}/${FRAMEWORKS_FOLDER_PATH}/isFull.framework",
			);
			runOnlyForDeploymentPostprocessing = 0;
			shellPath = /bin/sh;
			shellScript = "\"${PODS_ROOT}/Target Support Files/Pods-DemoTests/Pods-DemoTests-frameworks.sh\"\n";
			showEnvVarsInLog = 0;
		};
		E78F4C014A5A5DFE134B468A /* [CP] Check Pods Manifest.lock */ = {
			isa = PBXShellScriptBuildPhase;
			buildActionMask = 2147483647;
			files = (
			);
			inputFileListPaths = (
			);
			inputPaths = (
				"${PODS_PODFILE_DIR_PATH}/Podfile.lock",
				"${PODS_ROOT}/Manifest.lock",
			);
			name = "[CP] Check Pods Manifest.lock";
			outputFileListPaths = (
			);
			outputPaths = (
				"$(DERIVED_FILE_DIR)/Pods-DemoTests-checkManifestLockResult.txt",
			);
			runOnlyForDeploymentPostprocessing = 0;
			shellPath = /bin/sh;
			shellScript = "diff \"${PODS_PODFILE_DIR_PATH}/Podfile.lock\" \"${PODS_ROOT}/Manifest.lock\" > /dev/null\nif [ $? != 0 ] ; then\n    # print error to STDERR\n    echo \"error: The sandbox is not in sync with the Podfile.lock. Run 'pod install' or update your CocoaPods installation.\" >&2\n    exit 1\nfi\n# This output is used by Xcode 'outputs' to avoid re-running this script phase.\necho \"SUCCESS\" > \"${SCRIPT_OUTPUT_FILE_0}\"\n";
			showEnvVarsInLog = 0;
		};
/* End PBXShellScriptBuildPhase section */

/* Begin PBXSourcesBuildPhase section */
		4E68923F181A60F400E31442 /* Sources */ = {
			isa = PBXSourcesBuildPhase;
			buildActionMask = 2147483647;
			files = (
				4E689257181A60F400E31442 /* AppDelegate.m in Sources */,
				4E689253181A60F400E31442 /* main.m in Sources */,
			);
			runOnlyForDeploymentPostprocessing = 0;
		};
		4E68925A181A60F400E31442 /* Sources */ = {
			isa = PBXSourcesBuildPhase;
			buildActionMask = 2147483647;
			files = (
				4E68926C181A60F400E31442 /* DemoIsFullMethodTests.m in Sources */,
			);
			runOnlyForDeploymentPostprocessing = 0;
		};
/* End PBXSourcesBuildPhase section */

/* Begin PBXTargetDependency section */
		4E689264181A60F400E31442 /* PBXTargetDependency */ = {
			isa = PBXTargetDependency;
			target = 4E689242181A60F400E31442 /* Demo */;
			targetProxy = 4E689263181A60F400E31442 /* PBXContainerItemProxy */;
		};
/* End PBXTargetDependency section */

/* Begin XCBuildConfiguration section */
		4E68926D181A60F400E31442 /* Debug */ = {
			isa = XCBuildConfiguration;
			buildSettings = {
				ALWAYS_SEARCH_USER_PATHS = NO;
				CLANG_CXX_LANGUAGE_STANDARD = "gnu++0x";
				CLANG_CXX_LIBRARY = "libc++";
				CLANG_ENABLE_MODULES = YES;
				CLANG_ENABLE_OBJC_ARC = YES;
				CLANG_WARN_BOOL_CONVERSION = YES;
				CLANG_WARN_CONSTANT_CONVERSION = YES;
				CLANG_WARN_DIRECT_OBJC_ISA_USAGE = YES_ERROR;
				CLANG_WARN_EMPTY_BODY = YES;
				CLANG_WARN_ENUM_CONVERSION = YES;
				CLANG_WARN_INT_CONVERSION = YES;
				CLANG_WARN_OBJC_ROOT_CLASS = YES_ERROR;
				CLANG_WARN__DUPLICATE_METHOD_MATCH = YES;
				"CODE_SIGN_IDENTITY[sdk=iphoneos*]" = "iPhone Developer";
				COPY_PHASE_STRIP = NO;
				GCC_C_LANGUAGE_STANDARD = gnu99;
				GCC_DYNAMIC_NO_PIC = NO;
				GCC_OPTIMIZATION_LEVEL = 0;
				GCC_PREPROCESSOR_DEFINITIONS = (
					"DEBUG=1",
					"$(inherited)",
				);
				GCC_SYMBOLS_PRIVATE_EXTERN = NO;
				GCC_WARN_64_TO_32_BIT_CONVERSION = YES;
				GCC_WARN_ABOUT_RETURN_TYPE = YES_ERROR;
				GCC_WARN_UNDECLARED_SELECTOR = YES;
				GCC_WARN_UNINITIALIZED_AUTOS = YES;
				GCC_WARN_UNUSED_FUNCTION = YES;
				GCC_WARN_UNUSED_VARIABLE = YES;
				IPHONEOS_DEPLOYMENT_TARGET = 12.0;
				MACOSX_DEPLOYMENT_TARGET = 12.0;
				ONLY_ACTIVE_ARCH = YES;
				SDKROOT = iphoneos;
				TVOS_DEPLOYMENT_TARGET = 12.0;
				WATCHOS_DEPLOYMENT_TARGET = 7.0;
				XROS_DEPLOYMENT_TARGET = 1.0;
			};
			name = Debug;
		};
		4E68926E181A60F400E31442 /* Release */ = {
			isa = XCBuildConfiguration;
			buildSettings = {
				ALWAYS_SEARCH_USER_PATHS = NO;
				CLANG_CXX_LANGUAGE_STANDARD = "gnu++0x";
				CLANG_CXX_LIBRARY = "libc++";
				CLANG_ENABLE_MODULES = YES;
				CLANG_ENABLE_OBJC_ARC = YES;
				CLANG_WARN_BOOL_CONVERSION = YES;
				CLANG_WARN_CONSTANT_CONVERSION = YES;
				CLANG_WARN_DIRECT_OBJC_ISA_USAGE = YES_ERROR;
				CLANG_WARN_EMPTY_BODY = YES;
				CLANG_WARN_ENUM_CONVERSION = YES;
				CLANG_WARN_INT_CONVERSION = YES;
				CLANG_WARN_OBJC_ROOT_CLASS = YES_ERROR;
				CLANG_WARN__DUPLICATE_METHOD_MATCH = YES;
				"CODE_SIGN_IDENTITY[sdk=iphoneos*]" = "iPhone Developer";
				COPY_PHASE_STRIP = YES;
				ENABLE_NS_ASSERTIONS = NO;
				GCC_C_LANGUAGE_STANDARD = gnu99;
				GCC_WARN_64_TO_32_BIT_CONVERSION = YES;
				GCC_WARN_ABOUT_RETURN_TYPE = YES_ERROR;
				GCC_WARN_UNDECLARED_SELECTOR = YES;
				GCC_WARN_UNINITIALIZED_AUTOS = YES;
				GCC_WARN_UNUSED_FUNCTION = YES;
				GCC_WARN_UNUSED_VARIABLE = YES;
				IPHONEOS_DEPLOYMENT_TARGET = 12.0;
				MACOSX_DEPLOYMENT_TARGET = 12.0;
				SDKROOT = iphoneos;
				TVOS_DEPLOYMENT_TARGET = 12.0;
				VALIDATE_PRODUCT = YES;
				WATCHOS_DEPLOYMENT_TARGET = 7.0;
				XROS_DEPLOYMENT_TARGET = 1.0;
			};
			name = Release;
		};
		4E689270181A60F400E31442 /* Debug */ = {
			isa = XCBuildConfiguration;
			baseConfigurationReference = BB17C824B293183B5F7EAE53 /* Pods-Demo.debug.xcconfig */;
			buildSettings = {
				ASSETCATALOG_COMPILER_APPICON_NAME = AppIcon;
				ASSETCATALOG_COMPILER_LAUNCHIMAGE_NAME = LaunchImage;
				CODE_SIGN_ENTITLEMENTS = Demo/Demo.entitlements;
				CURRENT_PROJECT_VERSION = 25;
				DEVELOPMENT_TEAM = LZSP4Z4B6A;
				GCC_PRECOMPILE_PREFIX_HEADER = YES;
				GCC_PREFIX_HEADER = "Demo/Demo-Prefix.pch";
				INFOPLIST_FILE = "Demo/Demo-Info.plist";
				INFOPLIST_KEY_CFBundleDisplayName = isFull;
				MARKETING_VERSION = 1.0;
				PRODUCT_BUNDLE_IDENTIFIER = "com.el-machine.${PRODUCT_NAME:rfc1034identifier}";
				PRODUCT_NAME = "$(TARGET_NAME)";
				SUPPORTED_PLATFORMS = "appletvos appletvsimulator iphoneos iphonesimulator";
				SUPPORTS_MACCATALYST = NO;
				SUPPORTS_MAC_DESIGNED_FOR_IPHONE_IPAD = NO;
				SUPPORTS_XR_DESIGNED_FOR_IPHONE_IPAD = NO;
				TARGETED_DEVICE_FAMILY = "1,2,3";
				WRAPPER_EXTENSION = app;
			};
			name = Debug;
		};
		4E689271181A60F400E31442 /* Release */ = {
			isa = XCBuildConfiguration;
			baseConfigurationReference = F1163AD1EA2820D415B2A6E6 /* Pods-Demo.release.xcconfig */;
			buildSettings = {
				ASSETCATALOG_COMPILER_APPICON_NAME = AppIcon;
				ASSETCATALOG_COMPILER_LAUNCHIMAGE_NAME = LaunchImage;
				CODE_SIGN_ENTITLEMENTS = Demo/Demo.entitlements;
				CURRENT_PROJECT_VERSION = 25;
				DEVELOPMENT_TEAM = LZSP4Z4B6A;
				GCC_PRECOMPILE_PREFIX_HEADER = YES;
				GCC_PREFIX_HEADER = "Demo/Demo-Prefix.pch";
				INFOPLIST_FILE = "Demo/Demo-Info.plist";
				INFOPLIST_KEY_CFBundleDisplayName = isFull;
				MARKETING_VERSION = 1.0;
				PRODUCT_BUNDLE_IDENTIFIER = "com.el-machine.${PRODUCT_NAME:rfc1034identifier}";
				PRODUCT_NAME = "$(TARGET_NAME)";
				SUPPORTED_PLATFORMS = "appletvos appletvsimulator iphoneos iphonesimulator";
				SUPPORTS_MACCATALYST = NO;
				SUPPORTS_MAC_DESIGNED_FOR_IPHONE_IPAD = NO;
				SUPPORTS_XR_DESIGNED_FOR_IPHONE_IPAD = NO;
				TARGETED_DEVICE_FAMILY = "1,2,3";
				WRAPPER_EXTENSION = app;
			};
			name = Release;
		};
		4E689273181A60F400E31442 /* Debug */ = {
			isa = XCBuildConfiguration;
			baseConfigurationReference = 8D07216686BFE25702C75288 /* Pods-DemoTests.debug.xcconfig */;
			buildSettings = {
				BUNDLE_LOADER = "$(BUILT_PRODUCTS_DIR)/Demo.app/Demo";
				DEVELOPMENT_TEAM = LZSP4Z4B6A;
				FRAMEWORK_SEARCH_PATHS = (
					"$(SDKROOT)/Developer/Library/Frameworks",
					"$(inherited)",
					"$(DEVELOPER_FRAMEWORKS_DIR)",
				);
				GCC_PRECOMPILE_PREFIX_HEADER = YES;
				GCC_PREFIX_HEADER = "Demo/Demo-Prefix.pch";
				GCC_PREPROCESSOR_DEFINITIONS = (
					"DEBUG=1",
					"$(inherited)",
				);
				INFOPLIST_FILE = "DemoTests/DemoTests-Info.plist";
				PRODUCT_NAME = "$(TARGET_NAME)";
				SUPPORTED_PLATFORMS = "appletvos appletvsimulator iphoneos iphonesimulator watchos watchsimulator";
				SUPPORTS_MACCATALYST = NO;
				SUPPORTS_MAC_DESIGNED_FOR_IPHONE_IPAD = NO;
				SUPPORTS_XR_DESIGNED_FOR_IPHONE_IPAD = NO;
				TARGETED_DEVICE_FAMILY = "1,2,3,4";
				TEST_HOST = "$(BUNDLE_LOADER)";
				WRAPPER_EXTENSION = xctest;
			};
			name = Debug;
		};
		4E689274181A60F400E31442 /* Release */ = {
			isa = XCBuildConfiguration;
			baseConfigurationReference = A4FFE8D20804036285BF651C /* Pods-DemoTests.release.xcconfig */;
			buildSettings = {
				BUNDLE_LOADER = "$(BUILT_PRODUCTS_DIR)/Demo.app/Demo";
				DEVELOPMENT_TEAM = LZSP4Z4B6A;
				FRAMEWORK_SEARCH_PATHS = (
					"$(SDKROOT)/Developer/Library/Frameworks",
					"$(inherited)",
					"$(DEVELOPER_FRAMEWORKS_DIR)",
				);
				GCC_PRECOMPILE_PREFIX_HEADER = YES;
				GCC_PREFIX_HEADER = "Demo/Demo-Prefix.pch";
				INFOPLIST_FILE = "DemoTests/DemoTests-Info.plist";
				PRODUCT_NAME = "$(TARGET_NAME)";
				SUPPORTED_PLATFORMS = "appletvos appletvsimulator iphoneos iphonesimulator watchos watchsimulator";
				SUPPORTS_MACCATALYST = NO;
				SUPPORTS_MAC_DESIGNED_FOR_IPHONE_IPAD = NO;
				SUPPORTS_XR_DESIGNED_FOR_IPHONE_IPAD = NO;
				TARGETED_DEVICE_FAMILY = "1,2,3,4";
				TEST_HOST = "$(BUNDLE_LOADER)";
				WRAPPER_EXTENSION = xctest;
			};
			name = Release;
		};
/* End XCBuildConfiguration section */

/* Begin XCConfigurationList section */
		4E68923E181A60F400E31442 /* Build configuration list for PBXProject "Demo" */ = {
			isa = XCConfigurationList;
			buildConfigurations = (
				4E68926D181A60F400E31442 /* Debug */,
				4E68926E181A60F400E31442 /* Release */,
			);
			defaultConfigurationIsVisible = 0;
			defaultConfigurationName = Release;
		};
		4E68926F181A60F400E31442 /* Build configuration list for PBXNativeTarget "Demo" */ = {
			isa = XCConfigurationList;
			buildConfigurations = (
				4E689270181A60F400E31442 /* Debug */,
				4E689271181A60F400E31442 /* Release */,
			);
			defaultConfigurationIsVisible = 0;
			defaultConfigurationName = Release;
		};
		4E689272181A60F400E31442 /* Build configuration list for PBXNativeTarget "DemoTests" */ = {
			isa = XCConfigurationList;
			buildConfigurations = (
				4E689273181A60F400E31442 /* Debug */,
				4E689274181A60F400E31442 /* Release */,
			);
			defaultConfigurationIsVisible = 0;
			defaultConfigurationName = Release;
		};
/* End XCConfigurationList section */
	};
	rootObject = 4E68923B181A60F400E31442 /* Project object */;
}
